
Microsoft Visual Studio Solution File, Format Version 12.00
# Visual Studio 15
VisualStudioVersion = 15.0.26730.3
MinimumVisualStudioVersion = 10.0.40219.1
Project("{FAE04EC0-301F-11D3-BF4B-00C04F79EFBC}") = "CsvToJson", "CsvToJson\CsvToJson.csproj", "{DEE0C6CC-5796-4F66-8D52-54DB8A1C66B4}"
EndProject
Project("{FAE04EC0-301F-11D3-BF4B-00C04F79EFBC}") = "CSVTest", "CSVTest\CSVTest.csproj", "{D1EF1B13-164D-4154-BC24-AA37B53B4FFF}"
EndProject
Global
	GlobalSection(SolutionConfigurationPlatforms) = preSolution
		Debug|Any CPU = Debug|Any CPU
		Release|Any CPU = Release|Any CPU
	EndGlobalSection
	GlobalSection(ProjectConfigurationPlatforms) = postSolution
		{DEE0C6CC-5796-4F66-8D52-54DB8A1C66B4}.Debug|Any CPU.ActiveCfg = Debug|Any CPU
		{DEE0C6CC-5796-4F66-8D52-54DB8A1C66B4}.Debug|Any CPU.Build.0 = Debug|Any CPU
		{DEE0C6CC-5796-4F66-8D52-54DB8A1C66B4}.Release|Any CPU.ActiveCfg = Release|Any CPU
		{DEE0C6CC-5796-4F66-8D52-54DB8A1C66B4}.Release|Any CPU.Build.0 = Release|Any CPU
		{D1EF1B13-164D-4154-BC24-AA37B53B4FFF}.Debug|Any CPU.ActiveCfg = Debug|Any CPU
		{D1EF1B13-164D-4154-BC24-AA37B53B4FFF}.Debug|Any CPU.Build.0 = Debug|Any CPU
		{D1EF1B13-164D-4154-BC24-AA37B53B4FFF}.Release|Any CPU.ActiveCfg = Release|Any CPU
		{D1EF1B13-164D-4154-BC24-AA37B53B4FFF}.Release|Any CPU.Build.0 = Release|Any CPU
	EndGlobalSection
	GlobalSection(SolutionProperties) = preSolution
		HideSolutionNode = FALSE
	EndGlobalSection
	GlobalSection(ExtensibilityGlobals) = postSolution
		SolutionGuid = {4044414B-45EA-4CF4-97B1-CE8AFEC484E6}
	EndGlobalSection
EndGlobal
